
Microsoft Visual Studio Solution File, Format Version 12.00
# Visual Studio Version 16
VisualStudioVersion = 16.0.30907.101
MinimumVisualStudioVersion = 10.0.40219.1
Project("{FAE04EC0-301F-11D3-BF4B-00C04F79EFBC}") = "SystemInfo", "SystemInfo\SystemInfo.csproj", "{5E8706CC-4FE2-494B-9BBD-56E7CDA799D3}"
EndProject
Global
	GlobalSection(SolutionConfigurationPlatforms) = preSolution
		Debug|Any CPU = Debug|Any CPU
		Release|Any CPU = Release|Any CPU
	EndGlobalSection
	GlobalSection(ProjectConfigurationPlatforms) = postSolution
		{5E8706CC-4FE2-494B-9BBD-56E7CDA799D3}.Debug|Any CPU.ActiveCfg = Debug|Any CPU
		{5E8706CC-4FE2-494B-9BBD-56E7CDA799D3}.Debug|Any CPU.Build.0 = Debug|Any CPU
		{5E8706CC-4FE2-494B-9BBD-56E7CDA799D3}.Release|Any CPU.ActiveCfg = Release|Any CPU
		{5E8706CC-4FE2-494B-9BBD-56E7CDA799D3}.Release|Any CPU.Build.0 = Release|Any CPU
	EndGlobalSection
	GlobalSection(SolutionProperties) = preSolution
		HideSolutionNode = FALSE
	EndGlobalSection
	GlobalSection(ExtensibilityGlobals) = postSolution
		SolutionGuid = {D684D9D5-FB4F-4A07-A84E-74432877C2B7}
	EndGlobalSection
EndGlobal
